
Microsoft Visual Studio Solution File, Format Version 12.00
# Visual Studio 15
VisualStudioVersion = 15.0.28307.1082
MinimumVisualStudioVersion = 10.0.40219.1
Project("{FAE04EC0-301F-11D3-BF4B-00C04F79EFBC}") = "client", "client\client.csproj", "{33335143-B281-4BBF-9217-A32DC4171FB2}"
EndProject
Project("{FAE04EC0-301F-11D3-BF4B-00C04F79EFBC}") = "server", "server\server.csproj", "{DC8D264B-25BB-45A5-82CB-54B001D82AB0}"
EndProject
Global
	GlobalSection(SolutionConfigurationPlatforms) = preSolution
		Debug|Any CPU = Debug|Any CPU
		Release|Any CPU = Release|Any CPU
	EndGlobalSection
	GlobalSection(ProjectConfigurationPlatforms) = postSolution
		{33335143-B281-4BBF-9217-A32DC4171FB2}.Debug|Any CPU.ActiveCfg = Debug|Any CPU
		{33335143-B281-4BBF-9217-A32DC4171FB2}.Debug|Any CPU.Build.0 = Debug|Any CPU
		{33335143-B281-4BBF-9217-A32DC4171FB2}.Release|Any CPU.ActiveCfg = Release|Any CPU
		{33335143-B281-4BBF-9217-A32DC4171FB2}.Release|Any CPU.Build.0 = Release|Any CPU
		{DC8D264B-25BB-45A5-82CB-54B001D82AB0}.Debug|Any CPU.ActiveCfg = Debug|Any CPU
		{DC8D264B-25BB-45A5-82CB-54B001D82AB0}.Debug|Any CPU.Build.0 = Debug|Any CPU
		{DC8D264B-25BB-45A5-82CB-54B001D82AB0}.Release|Any CPU.ActiveCfg = Release|Any CPU
		{DC8D264B-25BB-45A5-82CB-54B001D82AB0}.Release|Any CPU.Build.0 = Release|Any CPU
	EndGlobalSection
	GlobalSection(SolutionProperties) = preSolution
		HideSolutionNode = FALSE
	EndGlobalSection
	GlobalSection(ExtensibilityGlobals) = postSolution
		SolutionGuid = {548A9E7A-BFE2-401D-B5C2-27F178110A35}
	EndGlobalSection
EndGlobal
